{
  "name": "shallow-goof",
  "version": "0.0.1",
  "lockfileVersion": 1,
  "requires": true,
  "dependencies": {
    "node-uuid": {
      "version": "1.4.0",
      "resolved": "https://registry.npmjs.org/node-uuid/-/node-uuid-1.4.0.tgz",
      "integrity": "sha1-B/myM3Vy/2J1x3Xh1IUT86RdemU="
    },
    "qs": {
      "version": "1.0.0",
      "resolved": "https://registry.npmjs.org/qs/-/qs-1.0.0.tgz",
      "integrity": "sha512-5C/V4Lf6D/i5s08CB9Wb7Nnfvx3J+eeBtyqlVVAuxAhhnSAn2Kmwaoi3niE4d/qjTVufuhSPROP1ihCFFDzwiA=="
    }
  }
}
